{
  "name": "hid",
  "version": "1.0.0",
  "lockfileVersion": 1,
  "requires": true,
  "dependencies": {
    "@openzeppelin/contracts": {
      "version": "3.4.0",
      "resolved": "https://registry.npmjs.org/@openzeppelin/contracts/-/contracts-3.4.0.tgz",
      "integrity": "sha512-qh+EiHWzfY/9CORr+eRUkeEUP1WiFUcq3974bLHwyYzLBUtK6HPaMkIUHi74S1rDTZ0sNz42DwPc5A4IJvN3rg=="
    },
    "bignumber.js": {
      "version": "1.2.1",
      "resolved": "https://registry.npmjs.org/bignumber.js/-/bignumber.js-1.2.1.tgz",
      "integrity": "sha1-4ZD3v1chyHZqB0qV+QwOR2sKLxA="
    }
  }
}
